{
  "nodes": {
    "Godot": {
      "flake": false,
      "locked": {
        "lastModified": 1649160219,
        "narHash": "sha256-F/R0WTmzsEfnQhHTrYikb81947HY86OA8Ylzl8dIVOs=",
        "owner": "godotengine",
        "repo": "godot",
        "rev": "f00803b8a5e1e8c584424bc2e86f83f061857dad",
        "type": "github"
      },
      "original": {
        "owner": "godotengine",
        "repo": "godot",
        "type": "github"
      }
    },
    "nixpkgs": {
      "locked": {
        "lastModified": 1647800324,
        "narHash": "sha256-rjwoxrk16zfrcO5Torh6CbAd5GHsHrXw+EwxOvh9AUI=",
        "owner": "nixos",
        "repo": "nixpkgs",
        "rev": "9bc841fec1c0e8b9772afa29f934d2c7ce57da8e",
        "type": "github"
      },
      "original": {
        "owner": "nixos",
        "ref": "nixos-unstable",
        "repo": "nixpkgs",
        "type": "github"
      }
    },
    "root": {
      "inputs": {
        "Godot": "Godot",
        "nixpkgs": "nixpkgs"
      }
    }
  },
  "root": "root",
  "version": 7
}
