{
  "nodes": {
    "godot": {
      "flake": false,
      "locked": {
        "lastModified": 1658153989,
        "narHash": "sha256-X7Io/G1ASkkrJjgMwy7Gvwc2NAwF5fcWrrNcw6GD1hM=",
        "owner": "godotengine",
        "repo": "godot",
        "rev": "ee53a5161c8ce94ba2a06729d9d30099e74ba942",
        "type": "github"
      },
      "original": {
        "owner": "godotengine",
        "repo": "godot",
        "type": "github"
      }
    },
    "nixpkgs": {
      "locked": {
        "lastModified": 1658119717,
        "narHash": "sha256-4upOZIQQ7Bc4CprqnHsKnqYfw+arJeAuU+QcpjYBXW0=",
        "owner": "NixOS",
        "repo": "nixpkgs",
        "rev": "9eb60f25aff0d2218c848dd4574a0ab5e296cabe",
        "type": "github"
      },
      "original": {
        "id": "nixpkgs",
        "type": "indirect"
      }
    },
    "root": {
      "inputs": {
        "godot": "godot",
        "nixpkgs": "nixpkgs"
      }
    }
  },
  "root": "root",
  "version": 7
}
